
Microsoft Visual Studio Solution File, Format Version 12.00
# Visual Studio Version 17
VisualStudioVersion = 17.8.34330.188
MinimumVisualStudioVersion = 10.0.40219.1
Project("{FAE04EC0-301F-11D3-BF4B-00C04F79EFBC}") = "Html2Pdf", "Html2Pdf\Html2Pdf.csproj", "{7435B5B2-2B76-4A80-9369-77FF2D4D6AD3}"
EndProject
Global
	GlobalSection(SolutionConfigurationPlatforms) = preSolution
		Debug|Any CPU = Debug|Any CPU
		Release|Any CPU = Release|Any CPU
	EndGlobalSection
	GlobalSection(ProjectConfigurationPlatforms) = postSolution
		{7435B5B2-2B76-4A80-9369-77FF2D4D6AD3}.Debug|Any CPU.ActiveCfg = Debug|Any CPU
		{7435B5B2-2B76-4A80-9369-77FF2D4D6AD3}.Debug|Any CPU.Build.0 = Debug|Any CPU
		{7435B5B2-2B76-4A80-9369-77FF2D4D6AD3}.Release|Any CPU.ActiveCfg = Release|Any CPU
		{7435B5B2-2B76-4A80-9369-77FF2D4D6AD3}.Release|Any CPU.Build.0 = Release|Any CPU
	EndGlobalSection
	GlobalSection(SolutionProperties) = preSolution
		HideSolutionNode = FALSE
	EndGlobalSection
	GlobalSection(ExtensibilityGlobals) = postSolution
		SolutionGuid = {582481A6-7922-4CB1-A915-20B330ABE0E2}
	EndGlobalSection
EndGlobal
